
Microsoft Visual Studio Solution File, Format Version 12.00
# Visual Studio Version 17
VisualStudioVersion = 17.4.33122.133
MinimumVisualStudioVersion = 10.0.40219.1
Project("{FAE04EC0-301F-11D3-BF4B-00C04F79EFBC}") = "FileHandling", "FileHandling\FileHandling.csproj", "{A8A88EF4-E27C-4B53-A12C-2300AA0B7D06}"
EndProject
Global
	GlobalSection(SolutionConfigurationPlatforms) = preSolution
		Debug|Any CPU = Debug|Any CPU
		Release|Any CPU = Release|Any CPU
	EndGlobalSection
	GlobalSection(ProjectConfigurationPlatforms) = postSolution
		{A8A88EF4-E27C-4B53-A12C-2300AA0B7D06}.Debug|Any CPU.ActiveCfg = Debug|Any CPU
		{A8A88EF4-E27C-4B53-A12C-2300AA0B7D06}.Debug|Any CPU.Build.0 = Debug|Any CPU
		{A8A88EF4-E27C-4B53-A12C-2300AA0B7D06}.Release|Any CPU.ActiveCfg = Release|Any CPU
		{A8A88EF4-E27C-4B53-A12C-2300AA0B7D06}.Release|Any CPU.Build.0 = Release|Any CPU
	EndGlobalSection
	GlobalSection(SolutionProperties) = preSolution
		HideSolutionNode = FALSE
	EndGlobalSection
	GlobalSection(ExtensibilityGlobals) = postSolution
		SolutionGuid = {421C913E-237F-446D-9080-50B9F9794E0C}
	EndGlobalSection
EndGlobal
